
Microsoft Visual Studio Solution File, Format Version 12.00
# Visual Studio Version 16
VisualStudioVersion = 16.0.31702.278
MinimumVisualStudioVersion = 10.0.40219.1
Project("{CC5FD16D-436D-48AD-A40C-5A424C6E3E79}") = "AzureTableExample", "AzureTableExample\AzureTableExample.ccproj", "{13ECA2BF-5E17-4CF8-97B7-2F29D66E4CF6}"
EndProject
Project("{FAE04EC0-301F-11D3-BF4B-00C04F79EFBC}") = "WebRole1", "WebRole1\WebRole1.csproj", "{85DCEB9B-17E4-4DEB-B2E1-68FCC2A69531}"
EndProject
Global
	GlobalSection(SolutionConfigurationPlatforms) = preSolution
		Debug|Any CPU = Debug|Any CPU
		Release|Any CPU = Release|Any CPU
	EndGlobalSection
	GlobalSection(ProjectConfigurationPlatforms) = postSolution
		{13ECA2BF-5E17-4CF8-97B7-2F29D66E4CF6}.Debug|Any CPU.ActiveCfg = Debug|Any CPU
		{13ECA2BF-5E17-4CF8-97B7-2F29D66E4CF6}.Debug|Any CPU.Build.0 = Debug|Any CPU
		{13ECA2BF-5E17-4CF8-97B7-2F29D66E4CF6}.Release|Any CPU.ActiveCfg = Release|Any CPU
		{13ECA2BF-5E17-4CF8-97B7-2F29D66E4CF6}.Release|Any CPU.Build.0 = Release|Any CPU
		{85DCEB9B-17E4-4DEB-B2E1-68FCC2A69531}.Debug|Any CPU.ActiveCfg = Debug|Any CPU
		{85DCEB9B-17E4-4DEB-B2E1-68FCC2A69531}.Debug|Any CPU.Build.0 = Debug|Any CPU
		{85DCEB9B-17E4-4DEB-B2E1-68FCC2A69531}.Release|Any CPU.ActiveCfg = Release|Any CPU
		{85DCEB9B-17E4-4DEB-B2E1-68FCC2A69531}.Release|Any CPU.Build.0 = Release|Any CPU
	EndGlobalSection
	GlobalSection(SolutionProperties) = preSolution
		HideSolutionNode = FALSE
	EndGlobalSection
	GlobalSection(ExtensibilityGlobals) = postSolution
		SolutionGuid = {907DCBF1-6F15-4D49-A95B-5D851BEA1677}
	EndGlobalSection
EndGlobal
